// !$*UTF8*$!
{
	archiveVersion = 1;
	classes = {
	};
	objectVersion = 77;
	objects = {

/* Begin PBXBuildFile section */
		15944036E2361F890917DBC3 /* OlcRTCPacketTunnel.appex in Embed Foundation Extensions */ = {isa = PBXBuildFile; fileRef = 69EB2276AC794AF298AB31EF /* OlcRTCPacketTunnel.appex */; settings = {ATTRIBUTES = (RemoveHeadersOnCopy, ); }; };
		191EDED56EA604111331F927 /* PacketTunnelProvider.swift in Sources */ = {isa = PBXBuildFile; fileRef = 29C858F0F48DDBBF5A02159B /* PacketTunnelProvider.swift */; };
		54839B4CEC6B48030365CC9A /* OlcRTCClientKit in Frameworks */ = {isa = PBXBuildFile; productRef = 0B791DA8B06E667BA4A9E7F0 /* OlcRTCClientKit */; };
		5728DF6A81002892D16D8ED5 /* OlcRTCClientiOSApp.swift in Sources */ = {isa = PBXBuildFile; fileRef = 45AA020CAE418FD535F4B986 /* OlcRTCClientiOSApp.swift */; };
		70151045D4DC035E040555D8 /* Assets.xcassets in Resources */ = {isa = PBXBuildFile; fileRef = EC4456891035C9E8825F52C4 /* Assets.xcassets */; };
		856D69667A459216B527483A /* OlcRTCClientKit in Frameworks */ = {isa = PBXBuildFile; productRef = 08D1F92BB9E965ACFB7A5894 /* OlcRTCClientKit */; };
		881DF6CC666EB65EAC2CAF65 /* OlcRTCClientKit in Frameworks */ = {isa = PBXBuildFile; productRef = D5F3BBD13EACE22B926977F5 /* OlcRTCClientKit */; };
		A180E0114803E9ECDBCA08E9 /* Assets.xcassets in Resources */ = {isa = PBXBuildFile; fileRef = F6E7ACB8FA591E378C445E87 /* Assets.xcassets */; };
		D303CE2D1FB6A07BBB037C91 /* OlcRTCClientMacApp.swift in Sources */ = {isa = PBXBuildFile; fileRef = 6AE52694FC78A512E41EB813 /* OlcRTCClientMacApp.swift */; };
		E9F637C47581562BAA2A27EB /* Tun2SocksKit in Frameworks */ = {isa = PBXBuildFile; productRef = 1BA40AB898933854FDD913FD /* Tun2SocksKit */; };
/* End PBXBuildFile section */

/* Begin PBXContainerItemProxy section */
		929731949626DFE6B0BA6BD7 /* PBXContainerItemProxy */ = {
			isa = PBXContainerItemProxy;
			containerPortal = 016BC38CF33CD0A398946E97 /* Project object */;
			proxyType = 1;
			remoteGlobalIDString = AE8645A8EF28100EB774BD74;
			remoteInfo = OlcRTCPacketTunnel;
		};
/* End PBXContainerItemProxy section */

/* Begin PBXCopyFilesBuildPhase section */
		7B653B7CC3345B3319FE1AFE /* Embed Foundation Extensions */ = {
			isa = PBXCopyFilesBuildPhase;
			buildActionMask = 2147483647;
			dstPath = "";
			dstSubfolderSpec = 13;
			files = (
				15944036E2361F890917DBC3 /* OlcRTCPacketTunnel.appex in Embed Foundation Extensions */,
			);
			name = "Embed Foundation Extensions";
			runOnlyForDeploymentPostprocessing = 0;
		};
/* End PBXCopyFilesBuildPhase section */

/* Begin PBXFileReference section */
		29C858F0F48DDBBF5A02159B /* PacketTunnelProvider.swift */ = {isa = PBXFileReference; lastKnownFileType = sourcecode.swift; path = PacketTunnelProvider.swift; sourceTree = "<group>"; };
		355E021E89F22350BE10DE11 /* OlcRTCPacketTunnel.entitlements */ = {isa = PBXFileReference; lastKnownFileType = text.plist.entitlements; path = OlcRTCPacketTunnel.entitlements; sourceTree = "<group>"; };
		45AA020CAE418FD535F4B986 /* OlcRTCClientiOSApp.swift */ = {isa = PBXFileReference; lastKnownFileType = sourcecode.swift; path = OlcRTCClientiOSApp.swift; sourceTree = "<group>"; };
		56881EFF14FCA9DE23DAC57F /* Info.plist */ = {isa = PBXFileReference; lastKnownFileType = text.plist; path = Info.plist; sourceTree = "<group>"; };
		5A8511F7D7B749B7DDD03AE2 /* OlcRTCClient iOS.app */ = {isa = PBXFileReference; includeInIndex = 0; lastKnownFileType = wrapper.application; path = "OlcRTCClient iOS.app"; sourceTree = BUILT_PRODUCTS_DIR; };
		69EB2276AC794AF298AB31EF /* OlcRTCPacketTunnel.appex */ = {isa = PBXFileReference; includeInIndex = 0; lastKnownFileType = "wrapper.app-extension"; path = OlcRTCPacketTunnel.appex; sourceTree = BUILT_PRODUCTS_DIR; };
		6AE52694FC78A512E41EB813 /* OlcRTCClientMacApp.swift */ = {isa = PBXFileReference; lastKnownFileType = sourcecode.swift; path = OlcRTCClientMacApp.swift; sourceTree = "<group>"; };
		880E42BEBB6776AF69A73E98 /* OlcRTCClient macOS.app */ = {isa = PBXFileReference; explicitFileType = wrapper.application; includeInIndex = 0; path = "OlcRTCClient macOS.app"; sourceTree = BUILT_PRODUCTS_DIR; };
		8B28F34C3D633B298A7C4C1C /* OlcRTCClientiOS.entitlements */ = {isa = PBXFileReference; lastKnownFileType = text.plist.entitlements; path = OlcRTCClientiOS.entitlements; sourceTree = "<group>"; };
		C2D534576771DFF8A6A00696 /* Info.plist */ = {isa = PBXFileReference; lastKnownFileType = text.plist; path = Info.plist; sourceTree = "<group>"; };
		E7B797AB823BAD61B5AD7E22 /* apple */ = {isa = PBXFileReference; lastKnownFileType = folder; name = apple; path = .; sourceTree = SOURCE_ROOT; };
		EC4456891035C9E8825F52C4 /* Assets.xcassets */ = {isa = PBXFileReference; lastKnownFileType = folder.assetcatalog; path = Assets.xcassets; sourceTree = "<group>"; };
		F6E7ACB8FA591E378C445E87 /* Assets.xcassets */ = {isa = PBXFileReference; lastKnownFileType = folder.assetcatalog; path = Assets.xcassets; sourceTree = "<group>"; };
/* End PBXFileReference section */

/* Begin PBXFrameworksBuildPhase section */
		7F29185BF35D12C2154E0D7C /* Frameworks */ = {
			isa = PBXFrameworksBuildPhase;
			buildActionMask = 2147483647;
			files = (
				54839B4CEC6B48030365CC9A /* OlcRTCClientKit in Frameworks */,
			);
			runOnlyForDeploymentPostprocessing = 0;
		};
		86959507855EFB095DF275C4 /* Frameworks */ = {
			isa = PBXFrameworksBuildPhase;
			buildActionMask = 2147483647;
			files = (
				856D69667A459216B527483A /* OlcRTCClientKit in Frameworks */,
			);
			runOnlyForDeploymentPostprocessing = 0;
		};
		C3BE24D9FFC7E72F47922D44 /* Frameworks */ = {
			isa = PBXFrameworksBuildPhase;
			buildActionMask = 2147483647;
			files = (
				881DF6CC666EB65EAC2CAF65 /* OlcRTCClientKit in Frameworks */,
				E9F637C47581562BAA2A27EB /* Tun2SocksKit in Frameworks */,
			);
			runOnlyForDeploymentPostprocessing = 0;
		};
/* End PBXFrameworksBuildPhase section */

/* Begin PBXGroup section */
		11C60096EC6502E226128BBE /* OlcRTCPacketTunnel */ = {
			isa = PBXGroup;
			children = (
				56881EFF14FCA9DE23DAC57F /* Info.plist */,
				355E021E89F22350BE10DE11 /* OlcRTCPacketTunnel.entitlements */,
				29C858F0F48DDBBF5A02159B /* PacketTunnelProvider.swift */,
			);
			name = OlcRTCPacketTunnel;
			path = Sources/OlcRTCPacketTunnel;
			sourceTree = "<group>";
		};
		1D720F05CDFFB44A613D328C = {
			isa = PBXGroup;
			children = (
				CEF36F70EBFF4905AFF63F1A /* OlcRTCClientiOS */,
				FB8BDA304C77D28107ABA828 /* OlcRTCClientMac */,
				11C60096EC6502E226128BBE /* OlcRTCPacketTunnel */,
				84D4F0415007F6DFC7F142FD /* Packages */,
				CA2C2E9F51EA536C19AEAF2A /* Products */,
			);
			sourceTree = "<group>";
		};
		84D4F0415007F6DFC7F142FD /* Packages */ = {
			isa = PBXGroup;
			children = (
				E7B797AB823BAD61B5AD7E22 /* apple */,
			);
			name = Packages;
			sourceTree = "<group>";
		};
		CA2C2E9F51EA536C19AEAF2A /* Products */ = {
			isa = PBXGroup;
			children = (
				5A8511F7D7B749B7DDD03AE2 /* OlcRTCClient iOS.app */,
				880E42BEBB6776AF69A73E98 /* OlcRTCClient macOS.app */,
				69EB2276AC794AF298AB31EF /* OlcRTCPacketTunnel.appex */,
			);
			name = Products;
			sourceTree = "<group>";
		};
		CEF36F70EBFF4905AFF63F1A /* OlcRTCClientiOS */ = {
			isa = PBXGroup;
			children = (
				EC4456891035C9E8825F52C4 /* Assets.xcassets */,
				C2D534576771DFF8A6A00696 /* Info.plist */,
				8B28F34C3D633B298A7C4C1C /* OlcRTCClientiOS.entitlements */,
				45AA020CAE418FD535F4B986 /* OlcRTCClientiOSApp.swift */,
			);
			name = OlcRTCClientiOS;
			path = Sources/OlcRTCClientiOS;
			sourceTree = "<group>";
		};
		FB8BDA304C77D28107ABA828 /* OlcRTCClientMac */ = {
			isa = PBXGroup;
			children = (
				F6E7ACB8FA591E378C445E87 /* Assets.xcassets */,
				6AE52694FC78A512E41EB813 /* OlcRTCClientMacApp.swift */,
			);
			name = OlcRTCClientMac;
			path = Sources/OlcRTCClientMac;
			sourceTree = "<group>";
		};
/* End PBXGroup section */

/* Begin PBXNativeTarget section */
		AE8645A8EF28100EB774BD74 /* OlcRTCPacketTunnel */ = {
			isa = PBXNativeTarget;
			buildConfigurationList = 053DA4FF7A6B882310332770 /* Build configuration list for PBXNativeTarget "OlcRTCPacketTunnel" */;
			buildPhases = (
				ED987197DB5C11D7C67101C0 /* Sources */,
				C3BE24D9FFC7E72F47922D44 /* Frameworks */,
			);
			buildRules = (
			);
			dependencies = (
			);
			name = OlcRTCPacketTunnel;
			packageProductDependencies = (
				D5F3BBD13EACE22B926977F5 /* OlcRTCClientKit */,
				1BA40AB898933854FDD913FD /* Tun2SocksKit */,
			);
			productName = OlcRTCPacketTunnel;
			productReference = 69EB2276AC794AF298AB31EF /* OlcRTCPacketTunnel.appex */;
			productType = "com.apple.product-type.app-extension";
		};
		BBF97FE3129BE6A9E4683011 /* OlcRTCClient iOS */ = {
			isa = PBXNativeTarget;
			buildConfigurationList = 2D9A2F77496D1037BD73FAC7 /* Build configuration list for PBXNativeTarget "OlcRTCClient iOS" */;
			buildPhases = (
				2FFF2E43FD0FDA1D4716A2BC /* Sources */,
				5A4CB1005BCAE5806F7CE5E3 /* Resources */,
				7F29185BF35D12C2154E0D7C /* Frameworks */,
				7B653B7CC3345B3319FE1AFE /* Embed Foundation Extensions */,
			);
			buildRules = (
			);
			dependencies = (
				B269E835F739C25AAAB4E65B /* PBXTargetDependency */,
			);
			name = "OlcRTCClient iOS";
			packageProductDependencies = (
				0B791DA8B06E667BA4A9E7F0 /* OlcRTCClientKit */,
			);
			productName = "OlcRTCClient iOS";
			productReference = 5A8511F7D7B749B7DDD03AE2 /* OlcRTCClient iOS.app */;
			productType = "com.apple.product-type.application";
		};
		CAEA0C6E3F5D7E3FF344EA5F /* OlcRTCClient macOS */ = {
			isa = PBXNativeTarget;
			buildConfigurationList = 8AB9366A23292DD75AEE293E /* Build configuration list for PBXNativeTarget "OlcRTCClient macOS" */;
			buildPhases = (
				2720B452629A0CFB18E271F0 /* Sources */,
				08B360A5EAACDDD139E5F042 /* Resources */,
				86959507855EFB095DF275C4 /* Frameworks */,
			);
			buildRules = (
			);
			dependencies = (
			);
			name = "OlcRTCClient macOS";
			packageProductDependencies = (
				08D1F92BB9E965ACFB7A5894 /* OlcRTCClientKit */,
			);
			productName = "OlcRTCClient macOS";
			productReference = 880E42BEBB6776AF69A73E98 /* OlcRTCClient macOS.app */;
			productType = "com.apple.product-type.application";
		};
/* End PBXNativeTarget section */

/* Begin PBXProject section */
		016BC38CF33CD0A398946E97 /* Project object */ = {
			isa = PBXProject;
			attributes = {
				BuildIndependentTargetsInParallel = YES;
				LastUpgradeCheck = 1430;
				TargetAttributes = {
					AE8645A8EF28100EB774BD74 = {
						DevelopmentTeam = "";
						ProvisioningStyle = Automatic;
					};
					BBF97FE3129BE6A9E4683011 = {
						DevelopmentTeam = "";
						ProvisioningStyle = Automatic;
					};
					CAEA0C6E3F5D7E3FF344EA5F = {
						DevelopmentTeam = "";
						ProvisioningStyle = Automatic;
					};
				};
			};
			buildConfigurationList = 3935E3D76EF77C6058AB15FF /* Build configuration list for PBXProject "OlcRTCClient" */;
			developmentRegion = en;
			hasScannedForEncodings = 0;
			knownRegions = (
				Base,
				en,
			);
			mainGroup = 1D720F05CDFFB44A613D328C;
			minimizedProjectReferenceProxies = 1;
			packageReferences = (
				1A0F8AED92C5A05FC83BAE73 /* XCRemoteSwiftPackageReference "Tun2SocksKit" */,
				38D6D1D30C9BB9960DD03023 /* XCLocalSwiftPackageReference "." */,
			);
			preferredProjectObjectVersion = 77;
			productRefGroup = CA2C2E9F51EA536C19AEAF2A /* Products */;
			projectDirPath = "";
			projectRoot = "";
			targets = (
				BBF97FE3129BE6A9E4683011 /* OlcRTCClient iOS */,
				CAEA0C6E3F5D7E3FF344EA5F /* OlcRTCClient macOS */,
				AE8645A8EF28100EB774BD74 /* OlcRTCPacketTunnel */,
			);
		};
/* End PBXProject section */

/* Begin PBXResourcesBuildPhase section */
		08B360A5EAACDDD139E5F042 /* Resources */ = {
			isa = PBXResourcesBuildPhase;
			buildActionMask = 2147483647;
			files = (
				A180E0114803E9ECDBCA08E9 /* Assets.xcassets in Resources */,
			);
			runOnlyForDeploymentPostprocessing = 0;
		};
		5A4CB1005BCAE5806F7CE5E3 /* Resources */ = {
			isa = PBXResourcesBuildPhase;
			buildActionMask = 2147483647;
			files = (
				70151045D4DC035E040555D8 /* Assets.xcassets in Resources */,
			);
			runOnlyForDeploymentPostprocessing = 0;
		};
/* End PBXResourcesBuildPhase section */

/* Begin PBXSourcesBuildPhase section */
		2720B452629A0CFB18E271F0 /* Sources */ = {
			isa = PBXSourcesBuildPhase;
			buildActionMask = 2147483647;
			files = (
				D303CE2D1FB6A07BBB037C91 /* OlcRTCClientMacApp.swift in Sources */,
			);
			runOnlyForDeploymentPostprocessing = 0;
		};
		2FFF2E43FD0FDA1D4716A2BC /* Sources */ = {
			isa = PBXSourcesBuildPhase;
			buildActionMask = 2147483647;
			files = (
				5728DF6A81002892D16D8ED5 /* OlcRTCClientiOSApp.swift in Sources */,
			);
			runOnlyForDeploymentPostprocessing = 0;
		};
		ED987197DB5C11D7C67101C0 /* Sources */ = {
			isa = PBXSourcesBuildPhase;
			buildActionMask = 2147483647;
			files = (
				191EDED56EA604111331F927 /* PacketTunnelProvider.swift in Sources */,
			);
			runOnlyForDeploymentPostprocessing = 0;
		};
/* End PBXSourcesBuildPhase section */

/* Begin PBXTargetDependency section */
		B269E835F739C25AAAB4E65B /* PBXTargetDependency */ = {
			isa = PBXTargetDependency;
			target = AE8645A8EF28100EB774BD74 /* OlcRTCPacketTunnel */;
			targetProxy = 929731949626DFE6B0BA6BD7 /* PBXContainerItemProxy */;
		};
/* End PBXTargetDependency section */

/* Begin XCBuildConfiguration section */
		2194B85994DBF28E1B93B424 /* Release */ = {
			isa = XCBuildConfiguration;
			buildSettings = {
				ASSETCATALOG_COMPILER_APPICON_NAME = AppIcon;
				COMBINE_HIDPI_IMAGES = YES;
				GENERATE_INFOPLIST_FILE = YES;
				INFOPLIST_KEY_CFBundleDisplayName = olcRTC;
				INFOPLIST_KEY_NSHumanReadableCopyright = "";
				LD_RUNPATH_SEARCH_PATHS = (
					"$(inherited)",
					"@executable_path/../Frameworks",
				);
				MACOSX_DEPLOYMENT_TARGET = 13.0;
				PRODUCT_BUNDLE_IDENTIFIER = community.openlibre.olcrtc.macos;
				SDKROOT = macosx;
			};
			name = Release;
		};
		304F5118DAA79B326412DB04 /* Debug */ = {
			isa = XCBuildConfiguration;
			buildSettings = {
				ASSETCATALOG_COMPILER_APPICON_NAME = AppIcon;
				CODE_SIGN_ENTITLEMENTS = Sources/OlcRTCClientiOS/OlcRTCClientiOS.entitlements;
				CODE_SIGN_IDENTITY = "iPhone Developer";
				INFOPLIST_FILE = Sources/OlcRTCClientiOS/Info.plist;
				IPHONEOS_DEPLOYMENT_TARGET = 16.0;
				LD_RUNPATH_SEARCH_PATHS = (
					"$(inherited)",
					"@executable_path/Frameworks",
				);
				PRODUCT_BUNDLE_IDENTIFIER = community.openlibre.olcrtc.ios;
				SDKROOT = iphoneos;
				TARGETED_DEVICE_FAMILY = "1,2";
			};
			name = Debug;
		};
		3B5F21273E63C3B8810F6E2B /* Debug */ = {
			isa = XCBuildConfiguration;
			buildSettings = {
				APPLICATION_EXTENSION_API_ONLY = YES;
				CODE_SIGN_ENTITLEMENTS = Sources/OlcRTCPacketTunnel/OlcRTCPacketTunnel.entitlements;
				INFOPLIST_FILE = Sources/OlcRTCPacketTunnel/Info.plist;
				IPHONEOS_DEPLOYMENT_TARGET = 16.0;
				LD_RUNPATH_SEARCH_PATHS = "$(inherited) @executable_path/Frameworks @executable_path/../../Frameworks";
				PRODUCT_BUNDLE_IDENTIFIER = community.openlibre.olcrtc.ios.PacketTunnel;
				SDKROOT = iphoneos;
				TARGETED_DEVICE_FAMILY = "1,2";
			};
			name = Debug;
		};
		54EF8A336A7635D6FFD42A48 /* Release */ = {
			isa = XCBuildConfiguration;
			buildSettings = {
				ALWAYS_SEARCH_USER_PATHS = NO;
				CLANG_ANALYZER_NONNULL = YES;
				CLANG_ANALYZER_NUMBER_OBJECT_CONVERSION = YES_AGGRESSIVE;
				CLANG_CXX_LANGUAGE_STANDARD = "gnu++14";
				CLANG_CXX_LIBRARY = "libc++";
				CLANG_ENABLE_MODULES = YES;
				CLANG_ENABLE_OBJC_ARC = YES;
				CLANG_ENABLE_OBJC_WEAK = YES;
				CLANG_WARN_BLOCK_CAPTURE_AUTORELEASING = YES;
				CLANG_WARN_BOOL_CONVERSION = YES;
				CLANG_WARN_COMMA = YES;
				CLANG_WARN_CONSTANT_CONVERSION = YES;
				CLANG_WARN_DEPRECATED_OBJC_IMPLEMENTATIONS = YES;
				CLANG_WARN_DIRECT_OBJC_ISA_USAGE = YES_ERROR;
				CLANG_WARN_DOCUMENTATION_COMMENTS = YES;
				CLANG_WARN_EMPTY_BODY = YES;
				CLANG_WARN_ENUM_CONVERSION = YES;
				CLANG_WARN_INFINITE_RECURSION = YES;
				CLANG_WARN_INT_CONVERSION = YES;
				CLANG_WARN_NON_LITERAL_NULL_CONVERSION = YES;
				CLANG_WARN_OBJC_IMPLICIT_RETAIN_SELF = YES;
				CLANG_WARN_OBJC_LITERAL_CONVERSION = YES;
				CLANG_WARN_OBJC_ROOT_CLASS = YES_ERROR;
				CLANG_WARN_QUOTED_INCLUDE_IN_FRAMEWORK_HEADER = YES;
				CLANG_WARN_RANGE_LOOP_ANALYSIS = YES;
				CLANG_WARN_STRICT_PROTOTYPES = YES;
				CLANG_WARN_SUSPICIOUS_MOVE = YES;
				CLANG_WARN_UNGUARDED_AVAILABILITY = YES_AGGRESSIVE;
				CLANG_WARN_UNREACHABLE_CODE = YES;
				CLANG_WARN__DUPLICATE_METHOD_MATCH = YES;
				CODE_SIGN_STYLE = Automatic;
				COPY_PHASE_STRIP = NO;
				CURRENT_PROJECT_VERSION = 1;
				DEBUG_INFORMATION_FORMAT = "dwarf-with-dsym";
				DEVELOPMENT_TEAM = "";
				ENABLE_NS_ASSERTIONS = NO;
				ENABLE_STRICT_OBJC_MSGSEND = YES;
				GCC_C_LANGUAGE_STANDARD = gnu11;
				GCC_NO_COMMON_BLOCKS = YES;
				GCC_WARN_64_TO_32_BIT_CONVERSION = YES;
				GCC_WARN_ABOUT_RETURN_TYPE = YES_ERROR;
				GCC_WARN_UNDECLARED_SELECTOR = YES;
				GCC_WARN_UNINITIALIZED_AUTOS = YES_AGGRESSIVE;
				GCC_WARN_UNUSED_FUNCTION = YES;
				GCC_WARN_UNUSED_VARIABLE = YES;
				MARKETING_VERSION = 0.1.0;
				MTL_ENABLE_DEBUG_INFO = NO;
				MTL_FAST_MATH = YES;
				PRODUCT_NAME = "$(TARGET_NAME)";
				SWIFT_COMPILATION_MODE = wholemodule;
				SWIFT_OPTIMIZATION_LEVEL = "-O";
				SWIFT_VERSION = 5.9;
			};
			name = Release;
		};
		93B875E7E36B7D2CEB9C8507 /* Release */ = {
			isa = XCBuildConfiguration;
			buildSettings = {
				APPLICATION_EXTENSION_API_ONLY = YES;
				CODE_SIGN_ENTITLEMENTS = Sources/OlcRTCPacketTunnel/OlcRTCPacketTunnel.entitlements;
				INFOPLIST_FILE = Sources/OlcRTCPacketTunnel/Info.plist;
				IPHONEOS_DEPLOYMENT_TARGET = 16.0;
				LD_RUNPATH_SEARCH_PATHS = "$(inherited) @executable_path/Frameworks @executable_path/../../Frameworks";
				PRODUCT_BUNDLE_IDENTIFIER = community.openlibre.olcrtc.ios.PacketTunnel;
				SDKROOT = iphoneos;
				TARGETED_DEVICE_FAMILY = "1,2";
			};
			name = Release;
		};
		972BA70264542CFDCB4608B1 /* Release */ = {
			isa = XCBuildConfiguration;
			buildSettings = {
				ASSETCATALOG_COMPILER_APPICON_NAME = AppIcon;
				CODE_SIGN_ENTITLEMENTS = Sources/OlcRTCClientiOS/OlcRTCClientiOS.entitlements;
				CODE_SIGN_IDENTITY = "iPhone Developer";
				INFOPLIST_FILE = Sources/OlcRTCClientiOS/Info.plist;
				IPHONEOS_DEPLOYMENT_TARGET = 16.0;
				LD_RUNPATH_SEARCH_PATHS = (
					"$(inherited)",
					"@executable_path/Frameworks",
				);
				PRODUCT_BUNDLE_IDENTIFIER = community.openlibre.olcrtc.ios;
				SDKROOT = iphoneos;
				TARGETED_DEVICE_FAMILY = "1,2";
			};
			name = Release;
		};
		A15CEC9F3EEE00171D59A222 /* Debug */ = {
			isa = XCBuildConfiguration;
			buildSettings = {
				ASSETCATALOG_COMPILER_APPICON_NAME = AppIcon;
				COMBINE_HIDPI_IMAGES = YES;
				GENERATE_INFOPLIST_FILE = YES;
				INFOPLIST_KEY_CFBundleDisplayName = olcRTC;
				INFOPLIST_KEY_NSHumanReadableCopyright = "";
				LD_RUNPATH_SEARCH_PATHS = (
					"$(inherited)",
					"@executable_path/../Frameworks",
				);
				MACOSX_DEPLOYMENT_TARGET = 13.0;
				PRODUCT_BUNDLE_IDENTIFIER = community.openlibre.olcrtc.macos;
				SDKROOT = macosx;
			};
			name = Debug;
		};
		CBCBD941AD471884D0E1F9A8 /* Debug */ = {
			isa = XCBuildConfiguration;
			buildSettings = {
				ALWAYS_SEARCH_USER_PATHS = NO;
				CLANG_ANALYZER_NONNULL = YES;
				CLANG_ANALYZER_NUMBER_OBJECT_CONVERSION = YES_AGGRESSIVE;
				CLANG_CXX_LANGUAGE_STANDARD = "gnu++14";
				CLANG_CXX_LIBRARY = "libc++";
				CLANG_ENABLE_MODULES = YES;
				CLANG_ENABLE_OBJC_ARC = YES;
				CLANG_ENABLE_OBJC_WEAK = YES;
				CLANG_WARN_BLOCK_CAPTURE_AUTORELEASING = YES;
				CLANG_WARN_BOOL_CONVERSION = YES;
				CLANG_WARN_COMMA = YES;
				CLANG_WARN_CONSTANT_CONVERSION = YES;
				CLANG_WARN_DEPRECATED_OBJC_IMPLEMENTATIONS = YES;
				CLANG_WARN_DIRECT_OBJC_ISA_USAGE = YES_ERROR;
				CLANG_WARN_DOCUMENTATION_COMMENTS = YES;
				CLANG_WARN_EMPTY_BODY = YES;
				CLANG_WARN_ENUM_CONVERSION = YES;
				CLANG_WARN_INFINITE_RECURSION = YES;
				CLANG_WARN_INT_CONVERSION = YES;
				CLANG_WARN_NON_LITERAL_NULL_CONVERSION = YES;
				CLANG_WARN_OBJC_IMPLICIT_RETAIN_SELF = YES;
				CLANG_WARN_OBJC_LITERAL_CONVERSION = YES;
				CLANG_WARN_OBJC_ROOT_CLASS = YES_ERROR;
				CLANG_WARN_QUOTED_INCLUDE_IN_FRAMEWORK_HEADER = YES;
				CLANG_WARN_RANGE_LOOP_ANALYSIS = YES;
				CLANG_WARN_STRICT_PROTOTYPES = YES;
				CLANG_WARN_SUSPICIOUS_MOVE = YES;
				CLANG_WARN_UNGUARDED_AVAILABILITY = YES_AGGRESSIVE;
				CLANG_WARN_UNREACHABLE_CODE = YES;
				CLANG_WARN__DUPLICATE_METHOD_MATCH = YES;
				CODE_SIGN_STYLE = Automatic;
				COPY_PHASE_STRIP = NO;
				CURRENT_PROJECT_VERSION = 1;
				DEBUG_INFORMATION_FORMAT = dwarf;
				DEVELOPMENT_TEAM = "";
				ENABLE_STRICT_OBJC_MSGSEND = YES;
				ENABLE_TESTABILITY = YES;
				GCC_C_LANGUAGE_STANDARD = gnu11;
				GCC_DYNAMIC_NO_PIC = NO;
				GCC_NO_COMMON_BLOCKS = YES;
				GCC_OPTIMIZATION_LEVEL = 0;
				GCC_PREPROCESSOR_DEFINITIONS = (
					"$(inherited)",
					"DEBUG=1",
				);
				GCC_WARN_64_TO_32_BIT_CONVERSION = YES;
				GCC_WARN_ABOUT_RETURN_TYPE = YES_ERROR;
				GCC_WARN_UNDECLARED_SELECTOR = YES;
				GCC_WARN_UNINITIALIZED_AUTOS = YES_AGGRESSIVE;
				GCC_WARN_UNUSED_FUNCTION = YES;
				GCC_WARN_UNUSED_VARIABLE = YES;
				MARKETING_VERSION = 0.1.0;
				MTL_ENABLE_DEBUG_INFO = INCLUDE_SOURCE;
				MTL_FAST_MATH = YES;
				ONLY_ACTIVE_ARCH = YES;
				PRODUCT_NAME = "$(TARGET_NAME)";
				SWIFT_ACTIVE_COMPILATION_CONDITIONS = DEBUG;
				SWIFT_OPTIMIZATION_LEVEL = "-Onone";
				SWIFT_VERSION = 5.9;
			};
			name = Debug;
		};
/* End XCBuildConfiguration section */

/* Begin XCConfigurationList section */
		053DA4FF7A6B882310332770 /* Build configuration list for PBXNativeTarget "OlcRTCPacketTunnel" */ = {
			isa = XCConfigurationList;
			buildConfigurations = (
				3B5F21273E63C3B8810F6E2B /* Debug */,
				93B875E7E36B7D2CEB9C8507 /* Release */,
			);
			defaultConfigurationIsVisible = 0;
			defaultConfigurationName = Debug;
		};
		2D9A2F77496D1037BD73FAC7 /* Build configuration list for PBXNativeTarget "OlcRTCClient iOS" */ = {
			isa = XCConfigurationList;
			buildConfigurations = (
				304F5118DAA79B326412DB04 /* Debug */,
				972BA70264542CFDCB4608B1 /* Release */,
			);
			defaultConfigurationIsVisible = 0;
			defaultConfigurationName = Debug;
		};
		3935E3D76EF77C6058AB15FF /* Build configuration list for PBXProject "OlcRTCClient" */ = {
			isa = XCConfigurationList;
			buildConfigurations = (
				CBCBD941AD471884D0E1F9A8 /* Debug */,
				54EF8A336A7635D6FFD42A48 /* Release */,
			);
			defaultConfigurationIsVisible = 0;
			defaultConfigurationName = Debug;
		};
		8AB9366A23292DD75AEE293E /* Build configuration list for PBXNativeTarget "OlcRTCClient macOS" */ = {
			isa = XCConfigurationList;
			buildConfigurations = (
				A15CEC9F3EEE00171D59A222 /* Debug */,
				2194B85994DBF28E1B93B424 /* Release */,
			);
			defaultConfigurationIsVisible = 0;
			defaultConfigurationName = Debug;
		};
/* End XCConfigurationList section */

/* Begin XCLocalSwiftPackageReference section */
		38D6D1D30C9BB9960DD03023 /* XCLocalSwiftPackageReference "." */ = {
			isa = XCLocalSwiftPackageReference;
			relativePath = .;
		};
/* End XCLocalSwiftPackageReference section */

/* Begin XCRemoteSwiftPackageReference section */
		1A0F8AED92C5A05FC83BAE73 /* XCRemoteSwiftPackageReference "Tun2SocksKit" */ = {
			isa = XCRemoteSwiftPackageReference;
			repositoryURL = "https://github.com/EbrahimTahernejad/Tun2SocksKit.git";
			requirement = {
				branch = main;
				kind = branch;
			};
		};
/* End XCRemoteSwiftPackageReference section */

/* Begin XCSwiftPackageProductDependency section */
		08D1F92BB9E965ACFB7A5894 /* OlcRTCClientKit */ = {
			isa = XCSwiftPackageProductDependency;
			productName = OlcRTCClientKit;
		};
		0B791DA8B06E667BA4A9E7F0 /* OlcRTCClientKit */ = {
			isa = XCSwiftPackageProductDependency;
			productName = OlcRTCClientKit;
		};
		1BA40AB898933854FDD913FD /* Tun2SocksKit */ = {
			isa = XCSwiftPackageProductDependency;
			package = 1A0F8AED92C5A05FC83BAE73 /* XCRemoteSwiftPackageReference "Tun2SocksKit" */;
			productName = Tun2SocksKit;
		};
		D5F3BBD13EACE22B926977F5 /* OlcRTCClientKit */ = {
			isa = XCSwiftPackageProductDependency;
			productName = OlcRTCClientKit;
		};
/* End XCSwiftPackageProductDependency section */
	};
	rootObject = 016BC38CF33CD0A398946E97 /* Project object */;
}
